// !$*UTF8*$!
{
	archiveVersion = 1;
	classes = {
	};
	objectVersion = 46;
	objects = {

/* Begin PBXBuildFile section */
		96E99A811C75C5AA0056F824 /* main.m in Sources */ = {isa = PBXBuildFile; fileRef = 96E99A801C75C5AA0056F824 /* main.m */; };
		96E99A841C75C5AA0056F824 /* AppDelegate.m in Sources */ = {isa = PBXBuildFile; fileRef = 96E99A831C75C5AA0056F824 /* AppDelegate.m */; };
		96E99A871C75C5AA0056F824 /* ViewController.m in Sources */ = {isa = PBXBuildFile; fileRef = 96E99A861C75C5AA0056F824 /* ViewController.m */; };
		96E99A8A1C75C5AA0056F824 /* Main.storyboard in Resources */ = {isa = PBXBuildFile; fileRef = 96E99A881C75C5AA0056F824 /* Main.storyboard */; };
		96E99A8C1C75C5AA0056F824 /* Assets.xcassets in Resources */ = {isa = PBXBuildFile; fileRef = 96E99A8B1C75C5AA0056F824 /* Assets.xcassets */; };
		96E99A8F1C75C5AA0056F824 /* LaunchScreen.storyboard in Resources */ = {isa = PBXBuildFile; fileRef = 96E99A8D1C75C5AA0056F824 /* LaunchScreen.storyboard */; };
/* End PBXBuildFile section */

/* Begin PBXFileReference section */
		96E99A7C1C75C5AA0056F824 /* 土木男的成长.app */ = {isa = PBXFileReference; explicitFileType = wrapper.application; includeInIndex = 0; path = "土木男的成长.app"; sourceTree = BUILT_PRODUCTS_DIR; };
		96E99A801C75C5AA0056F824 /* main.m */ = {isa = PBXFileReference; lastKnownFileType = sourcecode.c.objc; path = main.m; sourceTree = "<group>"; };
		96E99A821C75C5AA0056F824 /* AppDelegate.h */ = {isa = PBXFileReference; lastKnownFileType = sourcecode.c.h; path = AppDelegate.h; sourceTree = "<group>"; };
		96E99A831C75C5AA0056F824 /* AppDelegate.m */ = {isa = PBXFileReference; lastKnownFileType = sourcecode.c.objc; path = AppDelegate.m; sourceTree = "<group>"; };
		96E99A851C75C5AA0056F824 /* ViewController.h */ = {isa = PBXFileReference; lastKnownFileType = sourcecode.c.h; path = ViewController.h; sourceTree = "<group>"; };
		96E99A861C75C5AA0056F824 /* ViewController.m */ = {isa = PBXFileReference; lastKnownFileType = sourcecode.c.objc; path = ViewController.m; sourceTree = "<group>"; };
		96E99A891C75C5AA0056F824 /* Base */ = {isa = PBXFileReference; lastKnownFileType = file.storyboard; name = Base; path = Base.lproj/Main.storyboard; sourceTree = "<group>"; };
		96E99A8B1C75C5AA0056F824 /* Assets.xcassets */ = {isa = PBXFileReference; lastKnownFileType = folder.assetcatalog; path = Assets.xcassets; sourceTree = "<group>"; };
		96E99A8E1C75C5AA0056F824 /* Base */ = {isa = PBXFileReference; lastKnownFileType = file.storyboard; name = Base; path = Base.lproj/LaunchScreen.storyboard; sourceTree = "<group>"; };
		96E99A901C75C5AA0056F824 /* Info.plist */ = {isa = PBXFileReference; lastKnownFileType = text.plist.xml; path = Info.plist; sourceTree = "<group>"; };
/* End PBXFileReference section */

/* Begin PBXFrameworksBuildPhase section */
		96E99A791C75C5AA0056F824 /* Frameworks */ = {
			isa = PBXFrameworksBuildPhase;
			buildActionMask = 2147483647;
			files = (
			);
			runOnlyForDeploymentPostprocessing = 0;
		};
/* End PBXFrameworksBuildPhase section */

/* Begin PBXGroup section */
		96E99A731C75C5AA0056F824 = {
			isa = PBXGroup;
			children = (
				96E99A7E1C75C5AA0056F824 /* 土木男的成长 */,
				96E99A7D1C75C5AA0056F824 /* Products */,
			);
			sourceTree = "<group>";
		};
		96E99A7D1C75C5AA0056F824 /* Products */ = {
			isa = PBXGroup;
			children = (
				96E99A7C1C75C5AA0056F824 /* 土木男的成长.app */,
			);
			name = Products;
			sourceTree = "<group>";
		};
		96E99A7E1C75C5AA0056F824 /* 土木男的成长 */ = {
			isa = PBXGroup;
			children = (
				96E99A821C75C5AA0056F824 /* AppDelegate.h */,
				96E99A831C75C5AA0056F824 /* AppDelegate.m */,
				96E99A851C75C5AA0056F824 /* ViewController.h */,
				96E99A861C75C5AA0056F824 /* ViewController.m */,
				96E99A881C75C5AA0056F824 /* Main.storyboard */,
				96E99A8B1C75C5AA0056F824 /* Assets.xcassets */,
				96E99A8D1C75C5AA0056F824 /* LaunchScreen.storyboard */,
				96E99A901C75C5AA0056F824 /* Info.plist */,
				96E99A7F1C75C5AA0056F824 /* Supporting Files */,
			);
			path = "土木男的成长";
			sourceTree = "<group>";
		};
		96E99A7F1C75C5AA0056F824 /* Supporting Files */ = {
			isa = PBXGroup;
			children = (
				96E99A801C75C5AA0056F824 /* main.m */,
			);
			name = "Supporting Files";
			sourceTree = "<group>";
		};
/* End PBXGroup section */

/* Begin PBXNativeTarget section */
		96E99A7B1C75C5AA0056F824 /* 土木男的成长 */ = {
			isa = PBXNativeTarget;
			buildConfigurationList = 96E99A931C75C5AA0056F824 /* Build configuration list for PBXNativeTarget "土木男的成长" */;
			buildPhases = (
				96E99A781C75C5AA0056F824 /* Sources */,
				96E99A791C75C5AA0056F824 /* Frameworks */,
				96E99A7A1C75C5AA0056F824 /* Resources */,
			);
			buildRules = (
			);
			dependencies = (
			);
			name = "土木男的成长";
			productName = "土木男的成长";
			productReference = 96E99A7C1C75C5AA0056F824 /* 土木男的成长.app */;
			productType = "com.apple.product-type.application";
		};
/* End PBXNativeTarget section */

/* Begin PBXProject section */
		96E99A741C75C5AA0056F824 /* Project object */ = {
			isa = PBXProject;
			attributes = {
				LastUpgradeCheck = 0720;
				ORGANIZATIONNAME = "正合适";
				TargetAttributes = {
					96E99A7B1C75C5AA0056F824 = {
						CreatedOnToolsVersion = 7.2;
					};
				};
			};
			buildConfigurationList = 96E99A771C75C5AA0056F824 /* Build configuration list for PBXProject "土木男的成长" */;
			compatibilityVersion = "Xcode 3.2";
			developmentRegion = English;
			hasScannedForEncodings = 0;
			knownRegions = (
				en,
				Base,
			);
			mainGroup = 96E99A731C75C5AA0056F824;
			productRefGroup = 96E99A7D1C75C5AA0056F824 /* Products */;
			projectDirPath = "";
			projectRoot = "";
			targets = (
				96E99A7B1C75C5AA0056F824 /* 土木男的成长 */,
			);
		};
/* End PBXProject section */

/* Begin PBXResourcesBuildPhase section */
		96E99A7A1C75C5AA0056F824 /* Resources */ = {
			isa = PBXResourcesBuildPhase;
			buildActionMask = 2147483647;
			files = (
				96E99A8F1C75C5AA0056F824 /* LaunchScreen.storyboard in Resources */,
				96E99A8C1C75C5AA0056F824 /* Assets.xcassets in Resources */,
				96E99A8A1C75C5AA0056F824 /* Main.storyboard in Resources */,
			);
			runOnlyForDeploymentPostprocessing = 0;
		};
/* End PBXResourcesBuildPhase section */

/* Begin PBXSourcesBuildPhase section */
		96E99A781C75C5AA0056F824 /* Sources */ = {
			isa = PBXSourcesBuildPhase;
			buildActionMask = 2147483647;
			files = (
				96E99A871C75C5AA0056F824 /* ViewController.m in Sources */,
				96E99A841C75C5AA0056F824 /* AppDelegate.m in Sources */,
				96E99A811C75C5AA0056F824 /* main.m in Sources */,
			);
			runOnlyForDeploymentPostprocessing = 0;
		};
/* End PBXSourcesBuildPhase section */

/* Begin PBXVariantGroup section */
		96E99A881C75C5AA0056F824 /* Main.storyboard */ = {
			isa = PBXVariantGroup;
			children = (
				96E99A891C75C5AA0056F824 /* Base */,
			);
			name = Main.storyboard;
			sourceTree = "<group>";
		};
		96E99A8D1C75C5AA0056F824 /* LaunchScreen.storyboard */ = {
			isa = PBXVariantGroup;
			children = (
				96E99A8E1C75C5AA0056F824 /* Base */,
			);
			name = LaunchScreen.storyboard;
			sourceTree = "<group>";
		};
/* End PBXVariantGroup section */

/* Begin XCBuildConfiguration section */
		96E99A911C75C5AA0056F824 /* Debug */ = {
			isa = XCBuildConfiguration;
			buildSettings = {
				ALWAYS_SEARCH_USER_PATHS = NO;
				CLANG_CXX_LANGUAGE_STANDARD = "gnu++0x";
				CLANG_CXX_LIBRARY = "libc++";
				CLANG_ENABLE_MODULES = YES;
				CLANG_ENABLE_OBJC_ARC = YES;
				CLANG_WARN_BOOL_CONVERSION = YES;
				CLANG_WARN_CONSTANT_CONVERSION = YES;
				CLANG_WARN_DIRECT_OBJC_ISA_USAGE = YES_ERROR;
				CLANG_WARN_EMPTY_BODY = YES;
				CLANG_WARN_ENUM_CONVERSION = YES;
				CLANG_WARN_INT_CONVERSION = YES;
				CLANG_WARN_OBJC_ROOT_CLASS = YES_ERROR;
				CLANG_WARN_UNREACHABLE_CODE = YES;
				CLANG_WARN__DUPLICATE_METHOD_MATCH = YES;
				"CODE_SIGN_IDENTITY[sdk=iphoneos*]" = "iPhone Developer";
				COPY_PHASE_STRIP = NO;
				DEBUG_INFORMATION_FORMAT = dwarf;
				ENABLE_STRICT_OBJC_MSGSEND = YES;
				ENABLE_TESTABILITY = YES;
				GCC_C_LANGUAGE_STANDARD = gnu99;
				GCC_DYNAMIC_NO_PIC = NO;
				GCC_NO_COMMON_BLOCKS = YES;
				GCC_OPTIMIZATION_LEVEL = 0;
				GCC_PREPROCESSOR_DEFINITIONS = (
					"DEBUG=1",
					"$(inherited)",
				);
				GCC_WARN_64_TO_32_BIT_CONVERSION = YES;
				GCC_WARN_ABOUT_RETURN_TYPE = YES_ERROR;
				GCC_WARN_UNDECLARED_SELECTOR = YES;
				GCC_WARN_UNINITIALIZED_AUTOS = YES_AGGRESSIVE;
				GCC_WARN_UNUSED_FUNCTION = YES;
				GCC_WARN_UNUSED_VARIABLE = YES;
				IPHONEOS_DEPLOYMENT_TARGET = 9.2;
				MTL_ENABLE_DEBUG_INFO = YES;
				ONLY_ACTIVE_ARCH = YES;
				SDKROOT = iphoneos;
			};
			name = Debug;
		};
		96E99A921C75C5AA0056F824 /* Release */ = {
			isa = XCBuildConfiguration;
			buildSettings = {
				ALWAYS_SEARCH_USER_PATHS = NO;
				CLANG_CXX_LANGUAGE_STANDARD = "gnu++0x";
				CLANG_CXX_LIBRARY = "libc++";
				CLANG_ENABLE_MODULES = YES;
				CLANG_ENABLE_OBJC_ARC = YES;
				CLANG_WARN_BOOL_CONVERSION = YES;
				CLANG_WARN_CONSTANT_CONVERSION = YES;
				CLANG_WARN_DIRECT_OBJC_ISA_USAGE = YES_ERROR;
				CLANG_WARN_EMPTY_BODY = YES;
				CLANG_WARN_ENUM_CONVERSION = YES;
				CLANG_WARN_INT_CONVERSION = YES;
				CLANG_WARN_OBJC_ROOT_CLASS = YES_ERROR;
				CLANG_WARN_UNREACHABLE_CODE = YES;
				CLANG_WARN__DUPLICATE_METHOD_MATCH = YES;
				"CODE_SIGN_IDENTITY[sdk=iphoneos*]" = "iPhone Developer";
				COPY_PHASE_STRIP = NO;
				DEBUG_INFORMATION_FORMAT = "dwarf-with-dsym";
				ENABLE_NS_ASSERTIONS = NO;
				ENABLE_STRICT_OBJC_MSGSEND = YES;
				GCC_C_LANGUAGE_STANDARD = gnu99;
				GCC_NO_COMMON_BLOCKS = YES;
				GCC_WARN_64_TO_32_BIT_CONVERSION = YES;
				GCC_WARN_ABOUT_RETURN_TYPE = YES_ERROR;
				GCC_WARN_UNDECLARED_SELECTOR = YES;
				GCC_WARN_UNINITIALIZED_AUTOS = YES_AGGRESSIVE;
				GCC_WARN_UNUSED_FUNCTION = YES;
				GCC_WARN_UNUSED_VARIABLE = YES;
				IPHONEOS_DEPLOYMENT_TARGET = 9.2;
				MTL_ENABLE_DEBUG_INFO = NO;
				SDKROOT = iphoneos;
				VALIDATE_PRODUCT = YES;
			};
			name = Release;
		};
		96E99A941C75C5AA0056F824 /* Debug */ = {
			isa = XCBuildConfiguration;
			buildSettings = {
				ASSETCATALOG_COMPILER_APPICON_NAME = AppIcon;
				INFOPLIST_FILE = "土木男的成长/Info.plist";
				LD_RUNPATH_SEARCH_PATHS = "$(inherited) @executable_path/Frameworks";
				PRODUCT_BUNDLE_IDENTIFIER = "com.zhengheshi.------";
				PRODUCT_NAME = "$(TARGET_NAME)";
			};
			name = Debug;
		};
		96E99A951C75C5AA0056F824 /* Release */ = {
			isa = XCBuildConfiguration;
			buildSettings = {
				ASSETCATALOG_COMPILER_APPICON_NAME = AppIcon;
				INFOPLIST_FILE = "土木男的成长/Info.plist";
				LD_RUNPATH_SEARCH_PATHS = "$(inherited) @executable_path/Frameworks";
				PRODUCT_BUNDLE_IDENTIFIER = "com.zhengheshi.------";
				PRODUCT_NAME = "$(TARGET_NAME)";
			};
			name = Release;
		};
/* End XCBuildConfiguration section */

/* Begin XCConfigurationList section */
		96E99A771C75C5AA0056F824 /* Build configuration list for PBXProject "土木男的成长" */ = {
			isa = XCConfigurationList;
			buildConfigurations = (
				96E99A911C75C5AA0056F824 /* Debug */,
				96E99A921C75C5AA0056F824 /* Release */,
			);
			defaultConfigurationIsVisible = 0;
			defaultConfigurationName = Release;
		};
		96E99A931C75C5AA0056F824 /* Build configuration list for PBXNativeTarget "土木男的成长" */ = {
			isa = XCConfigurationList;
			buildConfigurations = (
				96E99A941C75C5AA0056F824 /* Debug */,
				96E99A951C75C5AA0056F824 /* Release */,
			);
			defaultConfigurationIsVisible = 0;
		};
/* End XCConfigurationList section */
	};
	rootObject = 96E99A741C75C5AA0056F824 /* Project object */;
}
